# This file is automatically @generated by Wally.
# It is not intended for manual editing.
registry = "test"

[[package]]
name = "chriscerie/react-spring"
version = "2.0.0"
dependencies = [["Promise", "evaera/promise@4.0.0"], ["React", "jsdotlua/react@17.1.0"], ["ReactRoblox", "jsdotlua/react-roblox@17.1.0"], ["TestEZ", "roblox/testez@0.4.1"]]

[[package]]
name = "csqrl/sift"
version = "0.0.8"
dependencies = []

[[package]]
name = "data-oriented-house/lemonsignal"
version = "1.10.0"
dependencies = []

[[package]]
name = "evaera/promise"
version = "4.0.0"
dependencies = []

[[package]]
name = "jsdotlua/boolean"
version = "1.2.6"
dependencies = [["number", "jsdotlua/number@1.2.6"]]

[[package]]
name = "jsdotlua/collections"
version = "1.2.6"
dependencies = [["es7-types", "jsdotlua/es7-types@1.2.6"], ["instance-of", "jsdotlua/instance-of@1.2.6"]]

[[package]]
name = "jsdotlua/console"
version = "1.2.6"
dependencies = [["collections", "jsdotlua/collections@1.2.6"]]

[[package]]
name = "jsdotlua/es7-types"
version = "1.2.6"
dependencies = []

[[package]]
name = "jsdotlua/instance-of"
version = "1.2.6"
dependencies = []

[[package]]
name = "jsdotlua/luau-polyfill"
version = "1.2.6"
dependencies = [["boolean", "jsdotlua/boolean@1.2.6"], ["collections", "jsdotlua/collections@1.2.6"], ["console", "jsdotlua/console@1.2.6"], ["es7-types", "jsdotlua/es7-types@1.2.6"], ["instance-of", "jsdotlua/instance-of@1.2.6"], ["math", "jsdotlua/math@1.2.6"], ["number", "jsdotlua/number@1.2.6"], ["string", "jsdotlua/string@1.2.6"], ["symbol-luau", "jsdotlua/symbol-luau@1.0.1"], ["timers", "jsdotlua/timers@1.2.6"]]

[[package]]
name = "jsdotlua/math"
version = "1.2.6"
dependencies = []

[[package]]
name = "jsdotlua/number"
version = "1.2.6"
dependencies = []

[[package]]
name = "jsdotlua/promise"
version = "3.5.2"
dependencies = []

[[package]]
name = "jsdotlua/react"
version = "17.1.0"
dependencies = [["luau-polyfill", "jsdotlua/luau-polyfill@1.2.6"], ["shared", "jsdotlua/shared@17.1.0"]]

[[package]]
name = "jsdotlua/react-reconciler"
version = "17.1.0"
dependencies = [["luau-polyfill", "jsdotlua/luau-polyfill@1.2.6"], ["promise", "jsdotlua/promise@3.5.2"], ["react", "jsdotlua/react@17.1.0"], ["scheduler", "jsdotlua/scheduler@17.1.0"], ["shared", "jsdotlua/shared@17.1.0"]]

[[package]]
name = "jsdotlua/react-roblox"
version = "17.1.0"
dependencies = [["luau-polyfill", "jsdotlua/luau-polyfill@1.2.6"], ["react", "jsdotlua/react@17.1.0"], ["react-reconciler", "jsdotlua/react-reconciler@17.1.0"], ["scheduler", "jsdotlua/scheduler@17.1.0"], ["shared", "jsdotlua/shared@17.1.0"]]

[[package]]
name = "jsdotlua/scheduler"
version = "17.1.0"
dependencies = [["luau-polyfill", "jsdotlua/luau-polyfill@1.2.6"], ["shared", "jsdotlua/shared@17.1.0"]]

[[package]]
name = "jsdotlua/shared"
version = "17.1.0"
dependencies = [["luau-polyfill", "jsdotlua/luau-polyfill@1.2.6"]]

[[package]]
name = "jsdotlua/string"
version = "1.2.6"
dependencies = [["es7-types", "jsdotlua/es7-types@1.2.6"], ["number", "jsdotlua/number@1.2.6"]]

[[package]]
name = "jsdotlua/symbol-luau"
version = "1.0.1"
dependencies = []

[[package]]
name = "jsdotlua/timers"
version = "1.2.6"
dependencies = [["collections", "jsdotlua/collections@1.2.6"]]

[[package]]
name = "littensy/react-reflex"
version = "0.3.5"
dependencies = [["React", "jsdotlua/react@17.1.0"], ["Reflex", "littensy/reflex@4.3.1"]]

[[package]]
name = "littensy/reflex"
version = "4.3.1"
dependencies = [["Promise", "evaera/promise@4.0.0"]]

[[package]]
name = "lucasmzreal/fastsignal"
version = "10.2.1"
dependencies = []

[[package]]
name = "noahrepublic/datakeep"
version = "3.1.1"
dependencies = [["Promise", "evaera/promise@4.0.0"], ["Signal", "lucasmzreal/fastsignal@10.2.1"]]

[[package]]
name = "roblox/testez"
version = "0.4.1"
dependencies = []

[[package]]
name = "satan/td-game"
version = "0.1.0"
dependencies = [["Knit", "sleitnick/knit@1.7.0"], ["Promise", "evaera/promise@4.0.0"], ["React", "jsdotlua/react@17.1.0"], ["ReactReflex", "littensy/react-reflex@0.3.5"], ["ReactRoblox", "jsdotlua/react-roblox@17.1.0"], ["ReactSpring", "chriscerie/react-spring@2.0.0"], ["Reflex", "littensy/reflex@4.3.1"], ["Sift", "csqrl/sift@0.0.8"], ["Signal", "data-oriented-house/lemonsignal@1.10.0"], ["TestEZ", "roblox/testez@0.4.1"], ["datakeep", "noahrepublic/datakeep@3.1.1"]]

[[package]]
name = "sleitnick/comm"
version = "1.0.1"
dependencies = [["Option", "sleitnick/option@1.0.5"], ["Promise", "evaera/promise@4.0.0"], ["Signal", "sleitnick/signal@2.0.1"]]

[[package]]
name = "sleitnick/knit"
version = "1.7.0"
dependencies = [["Comm", "sleitnick/comm@1.0.1"], ["Promise", "evaera/promise@4.0.0"]]

[[package]]
name = "sleitnick/option"
version = "1.0.5"
dependencies = []

[[package]]
name = "sleitnick/signal"
version = "2.0.1"
dependencies = []
